// !$*UTF8*$!
{
	archiveVersion = 1;
	classes = {
	};
	objectVersion = 50;
	objects = {

/* Begin PBXBuildFile section */
		C4A3AB1223B908F700DD540A /* AppDelegate.swift in Sources */ = {isa = PBXBuildFile; fileRef = C4A3AB1123B908F700DD540A /* AppDelegate.swift */; };
		C4A3AB1423B908F700DD540A /* SceneDelegate.swift in Sources */ = {isa = PBXBuildFile; fileRef = C4A3AB1323B908F700DD540A /* SceneDelegate.swift */; };
		C4A3AB1623B908F700DD540A /* RecordSoundsViewController.swift in Sources */ = {isa = PBXBuildFile; fileRef = C4A3AB1523B908F700DD540A /* RecordSoundsViewController.swift */; };
		C4A3AB1923B908F700DD540A /* Main.storyboard in Resources */ = {isa = PBXBuildFile; fileRef = C4A3AB1723B908F700DD540A /* Main.storyboard */; };
		C4A3AB1B23B908F900DD540A /* Assets.xcassets in Resources */ = {isa = PBXBuildFile; fileRef = C4A3AB1A23B908F900DD540A /* Assets.xcassets */; };
		C4A3AB1E23B908F900DD540A /* LaunchScreen.storyboard in Resources */ = {isa = PBXBuildFile; fileRef = C4A3AB1C23B908F900DD540A /* LaunchScreen.storyboard */; };
		C4A3AB2923B908F900DD540A /* PitchPerfectTests.swift in Sources */ = {isa = PBXBuildFile; fileRef = C4A3AB2823B908F900DD540A /* PitchPerfectTests.swift */; };
		C4A3AB3423B908F900DD540A /* PitchPerfectUITests.swift in Sources */ = {isa = PBXBuildFile; fileRef = C4A3AB3323B908F900DD540A /* PitchPerfectUITests.swift */; };
		C4BA856623BAF2C9001775F1 /* PlaySoundsViewController.swift in Sources */ = {isa = PBXBuildFile; fileRef = C4BA856523BAF2C9001775F1 /* PlaySoundsViewController.swift */; };
/* End PBXBuildFile section */

/* Begin PBXContainerItemProxy section */
		C4A3AB2523B908F900DD540A /* PBXContainerItemProxy */ = {
			isa = PBXContainerItemProxy;
			containerPortal = C4A3AB0623B908F600DD540A /* Project object */;
			proxyType = 1;
			remoteGlobalIDString = C4A3AB0D23B908F600DD540A;
			remoteInfo = PitchPerfect;
		};
		C4A3AB3023B908F900DD540A /* PBXContainerItemProxy */ = {
			isa = PBXContainerItemProxy;
			containerPortal = C4A3AB0623B908F600DD540A /* Project object */;
			proxyType = 1;
			remoteGlobalIDString = C4A3AB0D23B908F600DD540A;
			remoteInfo = PitchPerfect;
		};
/* End PBXContainerItemProxy section */

/* Begin PBXFileReference section */
		C4A3AB0E23B908F700DD540A /* PitchPerfect.app */ = {isa = PBXFileReference; explicitFileType = wrapper.application; includeInIndex = 0; path = PitchPerfect.app; sourceTree = BUILT_PRODUCTS_DIR; };
		C4A3AB1123B908F700DD540A /* AppDelegate.swift */ = {isa = PBXFileReference; lastKnownFileType = sourcecode.swift; path = AppDelegate.swift; sourceTree = "<group>"; };
		C4A3AB1323B908F700DD540A /* SceneDelegate.swift */ = {isa = PBXFileReference; lastKnownFileType = sourcecode.swift; path = SceneDelegate.swift; sourceTree = "<group>"; };
		C4A3AB1523B908F700DD540A /* RecordSoundsViewController.swift */ = {isa = PBXFileReference; lastKnownFileType = sourcecode.swift; path = RecordSoundsViewController.swift; sourceTree = "<group>"; };
		C4A3AB1823B908F700DD540A /* Base */ = {isa = PBXFileReference; lastKnownFileType = file.storyboard; name = Base; path = Base.lproj/Main.storyboard; sourceTree = "<group>"; };
		C4A3AB1A23B908F900DD540A /* Assets.xcassets */ = {isa = PBXFileReference; lastKnownFileType = folder.assetcatalog; path = Assets.xcassets; sourceTree = "<group>"; };
		C4A3AB1D23B908F900DD540A /* Base */ = {isa = PBXFileReference; lastKnownFileType = file.storyboard; name = Base; path = Base.lproj/LaunchScreen.storyboard; sourceTree = "<group>"; };
		C4A3AB1F23B908F900DD540A /* Info.plist */ = {isa = PBXFileReference; lastKnownFileType = text.plist.xml; path = Info.plist; sourceTree = "<group>"; };
		C4A3AB2423B908F900DD540A /* PitchPerfectTests.xctest */ = {isa = PBXFileReference; explicitFileType = wrapper.cfbundle; includeInIndex = 0; path = PitchPerfectTests.xctest; sourceTree = BUILT_PRODUCTS_DIR; };
		C4A3AB2823B908F900DD540A /* PitchPerfectTests.swift */ = {isa = PBXFileReference; lastKnownFileType = sourcecode.swift; path = PitchPerfectTests.swift; sourceTree = "<group>"; };
		C4A3AB2A23B908F900DD540A /* Info.plist */ = {isa = PBXFileReference; lastKnownFileType = text.plist.xml; path = Info.plist; sourceTree = "<group>"; };
		C4A3AB2F23B908F900DD540A /* PitchPerfectUITests.xctest */ = {isa = PBXFileReference; explicitFileType = wrapper.cfbundle; includeInIndex = 0; path = PitchPerfectUITests.xctest; sourceTree = BUILT_PRODUCTS_DIR; };
		C4A3AB3323B908F900DD540A /* PitchPerfectUITests.swift */ = {isa = PBXFileReference; lastKnownFileType = sourcecode.swift; path = PitchPerfectUITests.swift; sourceTree = "<group>"; };
		C4A3AB3523B908F900DD540A /* Info.plist */ = {isa = PBXFileReference; lastKnownFileType = text.plist.xml; path = Info.plist; sourceTree = "<group>"; };
		C4BA856523BAF2C9001775F1 /* PlaySoundsViewController.swift */ = {isa = PBXFileReference; lastKnownFileType = sourcecode.swift; path = PlaySoundsViewController.swift; sourceTree = "<group>"; };
/* End PBXFileReference section */

/* Begin PBXFrameworksBuildPhase section */
		C4A3AB0B23B908F600DD540A /* Frameworks */ = {
			isa = PBXFrameworksBuildPhase;
			buildActionMask = 2147483647;
			files = (
			);
			runOnlyForDeploymentPostprocessing = 0;
		};
		C4A3AB2123B908F900DD540A /* Frameworks */ = {
			isa = PBXFrameworksBuildPhase;
			buildActionMask = 2147483647;
			files = (
			);
			runOnlyForDeploymentPostprocessing = 0;
		};
		C4A3AB2C23B908F900DD540A /* Frameworks */ = {
			isa = PBXFrameworksBuildPhase;
			buildActionMask = 2147483647;
			files = (
			);
			runOnlyForDeploymentPostprocessing = 0;
		};
/* End PBXFrameworksBuildPhase section */

/* Begin PBXGroup section */
		C4A3AB0523B908F600DD540A = {
			isa = PBXGroup;
			children = (
				C4A3AB1023B908F700DD540A /* PitchPerfect */,
				C4A3AB2723B908F900DD540A /* PitchPerfectTests */,
				C4A3AB3223B908F900DD540A /* PitchPerfectUITests */,
				C4A3AB0F23B908F700DD540A /* Products */,
			);
			sourceTree = "<group>";
		};
		C4A3AB0F23B908F700DD540A /* Products */ = {
			isa = PBXGroup;
			children = (
				C4A3AB0E23B908F700DD540A /* PitchPerfect.app */,
				C4A3AB2423B908F900DD540A /* PitchPerfectTests.xctest */,
				C4A3AB2F23B908F900DD540A /* PitchPerfectUITests.xctest */,
			);
			name = Products;
			sourceTree = "<group>";
		};
		C4A3AB1023B908F700DD540A /* PitchPerfect */ = {
			isa = PBXGroup;
			children = (
				C4A3AB1123B908F700DD540A /* AppDelegate.swift */,
				C4A3AB1323B908F700DD540A /* SceneDelegate.swift */,
				C4A3AB1523B908F700DD540A /* RecordSoundsViewController.swift */,
				C4A3AB1723B908F700DD540A /* Main.storyboard */,
				C4A3AB1A23B908F900DD540A /* Assets.xcassets */,
				C4A3AB1C23B908F900DD540A /* LaunchScreen.storyboard */,
				C4A3AB1F23B908F900DD540A /* Info.plist */,
				C4BA856523BAF2C9001775F1 /* PlaySoundsViewController.swift */,
			);
			path = PitchPerfect;
			sourceTree = "<group>";
		};
		C4A3AB2723B908F900DD540A /* PitchPerfectTests */ = {
			isa = PBXGroup;
			children = (
				C4A3AB2823B908F900DD540A /* PitchPerfectTests.swift */,
				C4A3AB2A23B908F900DD540A /* Info.plist */,
			);
			path = PitchPerfectTests;
			sourceTree = "<group>";
		};
		C4A3AB3223B908F900DD540A /* PitchPerfectUITests */ = {
			isa = PBXGroup;
			children = (
				C4A3AB3323B908F900DD540A /* PitchPerfectUITests.swift */,
				C4A3AB3523B908F900DD540A /* Info.plist */,
			);
			path = PitchPerfectUITests;
			sourceTree = "<group>";
		};
/* End PBXGroup section */

/* Begin PBXNativeTarget section */
		C4A3AB0D23B908F600DD540A /* PitchPerfect */ = {
			isa = PBXNativeTarget;
			buildConfigurationList = C4A3AB3823B908F900DD540A /* Build configuration list for PBXNativeTarget "PitchPerfect" */;
			buildPhases = (
				C4A3AB0A23B908F600DD540A /* Sources */,
				C4A3AB0B23B908F600DD540A /* Frameworks */,
				C4A3AB0C23B908F600DD540A /* Resources */,
			);
			buildRules = (
			);
			dependencies = (
			);
			name = PitchPerfect;
			productName = PitchPerfect;
			productReference = C4A3AB0E23B908F700DD540A /* PitchPerfect.app */;
			productType = "com.apple.product-type.application";
		};
		C4A3AB2323B908F900DD540A /* PitchPerfectTests */ = {
			isa = PBXNativeTarget;
			buildConfigurationList = C4A3AB3B23B908F900DD540A /* Build configuration list for PBXNativeTarget "PitchPerfectTests" */;
			buildPhases = (
				C4A3AB2023B908F900DD540A /* Sources */,
				C4A3AB2123B908F900DD540A /* Frameworks */,
				C4A3AB2223B908F900DD540A /* Resources */,
			);
			buildRules = (
			);
			dependencies = (
				C4A3AB2623B908F900DD540A /* PBXTargetDependency */,
			);
			name = PitchPerfectTests;
			productName = PitchPerfectTests;
			productReference = C4A3AB2423B908F900DD540A /* PitchPerfectTests.xctest */;
			productType = "com.apple.product-type.bundle.unit-test";
		};
		C4A3AB2E23B908F900DD540A /* PitchPerfectUITests */ = {
			isa = PBXNativeTarget;
			buildConfigurationList = C4A3AB3E23B908F900DD540A /* Build configuration list for PBXNativeTarget "PitchPerfectUITests" */;
			buildPhases = (
				C4A3AB2B23B908F900DD540A /* Sources */,
				C4A3AB2C23B908F900DD540A /* Frameworks */,
				C4A3AB2D23B908F900DD540A /* Resources */,
			);
			buildRules = (
			);
			dependencies = (
				C4A3AB3123B908F900DD540A /* PBXTargetDependency */,
			);
			name = PitchPerfectUITests;
			productName = PitchPerfectUITests;
			productReference = C4A3AB2F23B908F900DD540A /* PitchPerfectUITests.xctest */;
			productType = "com.apple.product-type.bundle.ui-testing";
		};
/* End PBXNativeTarget section */

/* Begin PBXProject section */
		C4A3AB0623B908F600DD540A /* Project object */ = {
			isa = PBXProject;
			attributes = {
				LastSwiftUpdateCheck = 1130;
				LastUpgradeCheck = 1130;
				ORGANIZATIONNAME = "Cristhian Recalde";
				TargetAttributes = {
					C4A3AB0D23B908F600DD540A = {
						CreatedOnToolsVersion = 11.3;
					};
					C4A3AB2323B908F900DD540A = {
						CreatedOnToolsVersion = 11.3;
						TestTargetID = C4A3AB0D23B908F600DD540A;
					};
					C4A3AB2E23B908F900DD540A = {
						CreatedOnToolsVersion = 11.3;
						TestTargetID = C4A3AB0D23B908F600DD540A;
					};
				};
			};
			buildConfigurationList = C4A3AB0923B908F600DD540A /* Build configuration list for PBXProject "PitchPerfect" */;
			compatibilityVersion = "Xcode 9.3";
			developmentRegion = en;
			hasScannedForEncodings = 0;
			knownRegions = (
				en,
				Base,
			);
			mainGroup = C4A3AB0523B908F600DD540A;
			productRefGroup = C4A3AB0F23B908F700DD540A /* Products */;
			projectDirPath = "";
			projectRoot = "";
			targets = (
				C4A3AB0D23B908F600DD540A /* PitchPerfect */,
				C4A3AB2323B908F900DD540A /* PitchPerfectTests */,
				C4A3AB2E23B908F900DD540A /* PitchPerfectUITests */,
			);
		};
/* End PBXProject section */

/* Begin PBXResourcesBuildPhase section */
		C4A3AB0C23B908F600DD540A /* Resources */ = {
			isa = PBXResourcesBuildPhase;
			buildActionMask = 2147483647;
			files = (
				C4A3AB1E23B908F900DD540A /* LaunchScreen.storyboard in Resources */,
				C4A3AB1B23B908F900DD540A /* Assets.xcassets in Resources */,
				C4A3AB1923B908F700DD540A /* Main.storyboard in Resources */,
			);
			runOnlyForDeploymentPostprocessing = 0;
		};
		C4A3AB2223B908F900DD540A /* Resources */ = {
			isa = PBXResourcesBuildPhase;
			buildActionMask = 2147483647;
			files = (
			);
			runOnlyForDeploymentPostprocessing = 0;
		};
		C4A3AB2D23B908F900DD540A /* Resources */ = {
			isa = PBXResourcesBuildPhase;
			buildActionMask = 2147483647;
			files = (
			);
			runOnlyForDeploymentPostprocessing = 0;
		};
/* End PBXResourcesBuildPhase section */

/* Begin PBXSourcesBuildPhase section */
		C4A3AB0A23B908F600DD540A /* Sources */ = {
			isa = PBXSourcesBuildPhase;
			buildActionMask = 2147483647;
			files = (
				C4A3AB1623B908F700DD540A /* RecordSoundsViewController.swift in Sources */,
				C4A3AB1223B908F700DD540A /* AppDelegate.swift in Sources */,
				C4BA856623BAF2C9001775F1 /* PlaySoundsViewController.swift in Sources */,
				C4A3AB1423B908F700DD540A /* SceneDelegate.swift in Sources */,
			);
			runOnlyForDeploymentPostprocessing = 0;
		};
		C4A3AB2023B908F900DD540A /* Sources */ = {
			isa = PBXSourcesBuildPhase;
			buildActionMask = 2147483647;
			files = (
				C4A3AB2923B908F900DD540A /* PitchPerfectTests.swift in Sources */,
			);
			runOnlyForDeploymentPostprocessing = 0;
		};
		C4A3AB2B23B908F900DD540A /* Sources */ = {
			isa = PBXSourcesBuildPhase;
			buildActionMask = 2147483647;
			files = (
				C4A3AB3423B908F900DD540A /* PitchPerfectUITests.swift in Sources */,
			);
			runOnlyForDeploymentPostprocessing = 0;
		};
/* End PBXSourcesBuildPhase section */

/* Begin PBXTargetDependency section */
		C4A3AB2623B908F900DD540A /* PBXTargetDependency */ = {
			isa = PBXTargetDependency;
			target = C4A3AB0D23B908F600DD540A /* PitchPerfect */;
			targetProxy = C4A3AB2523B908F900DD540A /* PBXContainerItemProxy */;
		};
		C4A3AB3123B908F900DD540A /* PBXTargetDependency */ = {
			isa = PBXTargetDependency;
			target = C4A3AB0D23B908F600DD540A /* PitchPerfect */;
			targetProxy = C4A3AB3023B908F900DD540A /* PBXContainerItemProxy */;
		};
/* End PBXTargetDependency section */

/* Begin PBXVariantGroup section */
		C4A3AB1723B908F700DD540A /* Main.storyboard */ = {
			isa = PBXVariantGroup;
			children = (
				C4A3AB1823B908F700DD540A /* Base */,
			);
			name = Main.storyboard;
			sourceTree = "<group>";
		};
		C4A3AB1C23B908F900DD540A /* LaunchScreen.storyboard */ = {
			isa = PBXVariantGroup;
			children = (
				C4A3AB1D23B908F900DD540A /* Base */,
			);
			name = LaunchScreen.storyboard;
			sourceTree = "<group>";
		};
/* End PBXVariantGroup section */

/* Begin XCBuildConfiguration section */
		C4A3AB3623B908F900DD540A /* Debug */ = {
			isa = XCBuildConfiguration;
			buildSettings = {
				ALWAYS_SEARCH_USER_PATHS = NO;
				CLANG_ANALYZER_NONNULL = YES;
				CLANG_ANALYZER_NUMBER_OBJECT_CONVERSION = YES_AGGRESSIVE;
				CLANG_CXX_LANGUAGE_STANDARD = "gnu++14";
				CLANG_CXX_LIBRARY = "libc++";
				CLANG_ENABLE_MODULES = YES;
				CLANG_ENABLE_OBJC_ARC = YES;
				CLANG_ENABLE_OBJC_WEAK = YES;
				CLANG_WARN_BLOCK_CAPTURE_AUTORELEASING = YES;
				CLANG_WARN_BOOL_CONVERSION = YES;
				CLANG_WARN_COMMA = YES;
				CLANG_WARN_CONSTANT_CONVERSION = YES;
				CLANG_WARN_DEPRECATED_OBJC_IMPLEMENTATIONS = YES;
				CLANG_WARN_DIRECT_OBJC_ISA_USAGE = YES_ERROR;
				CLANG_WARN_DOCUMENTATION_COMMENTS = YES;
				CLANG_WARN_EMPTY_BODY = YES;
				CLANG_WARN_ENUM_CONVERSION = YES;
				CLANG_WARN_INFINITE_RECURSION = YES;
				CLANG_WARN_INT_CONVERSION = YES;
				CLANG_WARN_NON_LITERAL_NULL_CONVERSION = YES;
				CLANG_WARN_OBJC_IMPLICIT_RETAIN_SELF = YES;
				CLANG_WARN_OBJC_LITERAL_CONVERSION = YES;
				CLANG_WARN_OBJC_ROOT_CLASS = YES_ERROR;
				CLANG_WARN_RANGE_LOOP_ANALYSIS = YES;
				CLANG_WARN_STRICT_PROTOTYPES = YES;
				CLANG_WARN_SUSPICIOUS_MOVE = YES;
				CLANG_WARN_UNGUARDED_AVAILABILITY = YES_AGGRESSIVE;
				CLANG_WARN_UNREACHABLE_CODE = YES;
				CLANG_WARN__DUPLICATE_METHOD_MATCH = YES;
				COPY_PHASE_STRIP = NO;
				DEBUG_INFORMATION_FORMAT = dwarf;
				ENABLE_STRICT_OBJC_MSGSEND = YES;
				ENABLE_TESTABILITY = YES;
				GCC_C_LANGUAGE_STANDARD = gnu11;
				GCC_DYNAMIC_NO_PIC = NO;
				GCC_NO_COMMON_BLOCKS = YES;
				GCC_OPTIMIZATION_LEVEL = 0;
				GCC_PREPROCESSOR_DEFINITIONS = (
					"DEBUG=1",
					"$(inherited)",
				);
				GCC_WARN_64_TO_32_BIT_CONVERSION = YES;
				GCC_WARN_ABOUT_RETURN_TYPE = YES_ERROR;
				GCC_WARN_UNDECLARED_SELECTOR = YES;
				GCC_WARN_UNINITIALIZED_AUTOS = YES_AGGRESSIVE;
				GCC_WARN_UNUSED_FUNCTION = YES;
				GCC_WARN_UNUSED_VARIABLE = YES;
				IPHONEOS_DEPLOYMENT_TARGET = 13.2;
				MTL_ENABLE_DEBUG_INFO = INCLUDE_SOURCE;
				MTL_FAST_MATH = YES;
				ONLY_ACTIVE_ARCH = YES;
				SDKROOT = iphoneos;
				SWIFT_ACTIVE_COMPILATION_CONDITIONS = DEBUG;
				SWIFT_OPTIMIZATION_LEVEL = "-Onone";
			};
			name = Debug;
		};
		C4A3AB3723B908F900DD540A /* Release */ = {
			isa = XCBuildConfiguration;
			buildSettings = {
				ALWAYS_SEARCH_USER_PATHS = NO;
				CLANG_ANALYZER_NONNULL = YES;
				CLANG_ANALYZER_NUMBER_OBJECT_CONVERSION = YES_AGGRESSIVE;
				CLANG_CXX_LANGUAGE_STANDARD = "gnu++14";
				CLANG_CXX_LIBRARY = "libc++";
				CLANG_ENABLE_MODULES = YES;
				CLANG_ENABLE_OBJC_ARC = YES;
				CLANG_ENABLE_OBJC_WEAK = YES;
				CLANG_WARN_BLOCK_CAPTURE_AUTORELEASING = YES;
				CLANG_WARN_BOOL_CONVERSION = YES;
				CLANG_WARN_COMMA = YES;
				CLANG_WARN_CONSTANT_CONVERSION = YES;
				CLANG_WARN_DEPRECATED_OBJC_IMPLEMENTATIONS = YES;
				CLANG_WARN_DIRECT_OBJC_ISA_USAGE = YES_ERROR;
				CLANG_WARN_DOCUMENTATION_COMMENTS = YES;
				CLANG_WARN_EMPTY_BODY = YES;
				CLANG_WARN_ENUM_CONVERSION = YES;
				CLANG_WARN_INFINITE_RECURSION = YES;
				CLANG_WARN_INT_CONVERSION = YES;
				CLANG_WARN_NON_LITERAL_NULL_CONVERSION = YES;
				CLANG_WARN_OBJC_IMPLICIT_RETAIN_SELF = YES;
				CLANG_WARN_OBJC_LITERAL_CONVERSION = YES;
				CLANG_WARN_OBJC_ROOT_CLASS = YES_ERROR;
				CLANG_WARN_RANGE_LOOP_ANALYSIS = YES;
				CLANG_WARN_STRICT_PROTOTYPES = YES;
				CLANG_WARN_SUSPICIOUS_MOVE = YES;
				CLANG_WARN_UNGUARDED_AVAILABILITY = YES_AGGRESSIVE;
				CLANG_WARN_UNREACHABLE_CODE = YES;
				CLANG_WARN__DUPLICATE_METHOD_MATCH = YES;
				COPY_PHASE_STRIP = NO;
				DEBUG_INFORMATION_FORMAT = "dwarf-with-dsym";
				ENABLE_NS_ASSERTIONS = NO;
				ENABLE_STRICT_OBJC_MSGSEND = YES;
				GCC_C_LANGUAGE_STANDARD = gnu11;
				GCC_NO_COMMON_BLOCKS = YES;
				GCC_WARN_64_TO_32_BIT_CONVERSION = YES;
				GCC_WARN_ABOUT_RETURN_TYPE = YES_ERROR;
				GCC_WARN_UNDECLARED_SELECTOR = YES;
				GCC_WARN_UNINITIALIZED_AUTOS = YES_AGGRESSIVE;
				GCC_WARN_UNUSED_FUNCTION = YES;
				GCC_WARN_UNUSED_VARIABLE = YES;
				IPHONEOS_DEPLOYMENT_TARGET = 13.2;
				MTL_ENABLE_DEBUG_INFO = NO;
				MTL_FAST_MATH = YES;
				SDKROOT = iphoneos;
				SWIFT_COMPILATION_MODE = wholemodule;
				SWIFT_OPTIMIZATION_LEVEL = "-O";
				VALIDATE_PRODUCT = YES;
			};
			name = Release;
		};
		C4A3AB3923B908F900DD540A /* Debug */ = {
			isa = XCBuildConfiguration;
			buildSettings = {
				ASSETCATALOG_COMPILER_APPICON_NAME = AppIcon;
				CODE_SIGN_STYLE = Automatic;
				DEVELOPMENT_TEAM = M5X6C8M57F;
				INFOPLIST_FILE = PitchPerfect/Info.plist;
				LD_RUNPATH_SEARCH_PATHS = (
					"$(inherited)",
					"@executable_path/Frameworks",
				);
				PRODUCT_BUNDLE_IDENTIFIER = py.com.snowtech.PitchPerfect;
				PRODUCT_NAME = "$(TARGET_NAME)";
				SWIFT_VERSION = 5.0;
				TARGETED_DEVICE_FAMILY = "1,2";
			};
			name = Debug;
		};
		C4A3AB3A23B908F900DD540A /* Release */ = {
			isa = XCBuildConfiguration;
			buildSettings = {
				ASSETCATALOG_COMPILER_APPICON_NAME = AppIcon;
				CODE_SIGN_STYLE = Automatic;
				DEVELOPMENT_TEAM = M5X6C8M57F;
				INFOPLIST_FILE = PitchPerfect/Info.plist;
				LD_RUNPATH_SEARCH_PATHS = (
					"$(inherited)",
					"@executable_path/Frameworks",
				);
				PRODUCT_BUNDLE_IDENTIFIER = py.com.snowtech.PitchPerfect;
				PRODUCT_NAME = "$(TARGET_NAME)";
				SWIFT_VERSION = 5.0;
				TARGETED_DEVICE_FAMILY = "1,2";
			};
			name = Release;
		};
		C4A3AB3C23B908F900DD540A /* Debug */ = {
			isa = XCBuildConfiguration;
			buildSettings = {
				ALWAYS_EMBED_SWIFT_STANDARD_LIBRARIES = YES;
				BUNDLE_LOADER = "$(TEST_HOST)";
				CODE_SIGN_STYLE = Automatic;
				DEVELOPMENT_TEAM = M5X6C8M57F;
				INFOPLIST_FILE = PitchPerfectTests/Info.plist;
				IPHONEOS_DEPLOYMENT_TARGET = 13.2;
				LD_RUNPATH_SEARCH_PATHS = (
					"$(inherited)",
					"@executable_path/Frameworks",
					"@loader_path/Frameworks",
				);
				PRODUCT_BUNDLE_IDENTIFIER = py.com.snowtech.PitchPerfectTests;
				PRODUCT_NAME = "$(TARGET_NAME)";
				SWIFT_VERSION = 5.0;
				TARGETED_DEVICE_FAMILY = "1,2";
				TEST_HOST = "$(BUILT_PRODUCTS_DIR)/PitchPerfect.app/PitchPerfect";
			};
			name = Debug;
		};
		C4A3AB3D23B908F900DD540A /* Release */ = {
			isa = XCBuildConfiguration;
			buildSettings = {
				ALWAYS_EMBED_SWIFT_STANDARD_LIBRARIES = YES;
				BUNDLE_LOADER = "$(TEST_HOST)";
				CODE_SIGN_STYLE = Automatic;
				DEVELOPMENT_TEAM = M5X6C8M57F;
				INFOPLIST_FILE = PitchPerfectTests/Info.plist;
				IPHONEOS_DEPLOYMENT_TARGET = 13.2;
				LD_RUNPATH_SEARCH_PATHS = (
					"$(inherited)",
					"@executable_path/Frameworks",
					"@loader_path/Frameworks",
				);
				PRODUCT_BUNDLE_IDENTIFIER = py.com.snowtech.PitchPerfectTests;
				PRODUCT_NAME = "$(TARGET_NAME)";
				SWIFT_VERSION = 5.0;
				TARGETED_DEVICE_FAMILY = "1,2";
				TEST_HOST = "$(BUILT_PRODUCTS_DIR)/PitchPerfect.app/PitchPerfect";
			};
			name = Release;
		};
		C4A3AB3F23B908F900DD540A /* Debug */ = {
			isa = XCBuildConfiguration;
			buildSettings = {
				ALWAYS_EMBED_SWIFT_STANDARD_LIBRARIES = YES;
				CODE_SIGN_STYLE = Automatic;
				DEVELOPMENT_TEAM = M5X6C8M57F;
				INFOPLIST_FILE = PitchPerfectUITests/Info.plist;
				LD_RUNPATH_SEARCH_PATHS = (
					"$(inherited)",
					"@executable_path/Frameworks",
					"@loader_path/Frameworks",
				);
				PRODUCT_BUNDLE_IDENTIFIER = py.com.snowtech.PitchPerfectUITests;
				PRODUCT_NAME = "$(TARGET_NAME)";
				SWIFT_VERSION = 5.0;
				TARGETED_DEVICE_FAMILY = "1,2";
				TEST_TARGET_NAME = PitchPerfect;
			};
			name = Debug;
		};
		C4A3AB4023B908F900DD540A /* Release */ = {
			isa = XCBuildConfiguration;
			buildSettings = {
				ALWAYS_EMBED_SWIFT_STANDARD_LIBRARIES = YES;
				CODE_SIGN_STYLE = Automatic;
				DEVELOPMENT_TEAM = M5X6C8M57F;
				INFOPLIST_FILE = PitchPerfectUITests/Info.plist;
				LD_RUNPATH_SEARCH_PATHS = (
					"$(inherited)",
					"@executable_path/Frameworks",
					"@loader_path/Frameworks",
				);
				PRODUCT_BUNDLE_IDENTIFIER = py.com.snowtech.PitchPerfectUITests;
				PRODUCT_NAME = "$(TARGET_NAME)";
				SWIFT_VERSION = 5.0;
				TARGETED_DEVICE_FAMILY = "1,2";
				TEST_TARGET_NAME = PitchPerfect;
			};
			name = Release;
		};
/* End XCBuildConfiguration section */

/* Begin XCConfigurationList section */
		C4A3AB0923B908F600DD540A /* Build configuration list for PBXProject "PitchPerfect" */ = {
			isa = XCConfigurationList;
			buildConfigurations = (
				C4A3AB3623B908F900DD540A /* Debug */,
				C4A3AB3723B908F900DD540A /* Release */,
			);
			defaultConfigurationIsVisible = 0;
			defaultConfigurationName = Release;
		};
		C4A3AB3823B908F900DD540A /* Build configuration list for PBXNativeTarget "PitchPerfect" */ = {
			isa = XCConfigurationList;
			buildConfigurations = (
				C4A3AB3923B908F900DD540A /* Debug */,
				C4A3AB3A23B908F900DD540A /* Release */,
			);
			defaultConfigurationIsVisible = 0;
			defaultConfigurationName = Release;
		};
		C4A3AB3B23B908F900DD540A /* Build configuration list for PBXNativeTarget "PitchPerfectTests" */ = {
			isa = XCConfigurationList;
			buildConfigurations = (
				C4A3AB3C23B908F900DD540A /* Debug */,
				C4A3AB3D23B908F900DD540A /* Release */,
			);
			defaultConfigurationIsVisible = 0;
			defaultConfigurationName = Release;
		};
		C4A3AB3E23B908F900DD540A /* Build configuration list for PBXNativeTarget "PitchPerfectUITests" */ = {
			isa = XCConfigurationList;
			buildConfigurations = (
				C4A3AB3F23B908F900DD540A /* Debug */,
				C4A3AB4023B908F900DD540A /* Release */,
			);
			defaultConfigurationIsVisible = 0;
			defaultConfigurationName = Release;
		};
/* End XCConfigurationList section */
	};
	rootObject = C4A3AB0623B908F600DD540A /* Project object */;
}
